
Microsoft Visual Studio Solution File, Format Version 12.00
# Visual Studio Version 16
VisualStudioVersion = 16.0.29519.87
MinimumVisualStudioVersion = 10.0.40219.1
Project("{FAE04EC0-301F-11D3-BF4B-00C04F79EFBC}") = "single user Zeus", "single user Zeus.csproj", "{BBA4D0F2-41F1-4C05-A3B9-A702AC08660C}"
EndProject
Project("{840C416C-B8F3-42BC-B0DD-F6BB14C9F8CB}") = "AI Setup Project1", "..\AI Setup Project1\AI Setup Project1.aiproj", "{14D5A2D9-25C1-4711-833F-78C00EB44283}"
EndProject
Global
	GlobalSection(SolutionConfigurationPlatforms) = preSolution
		All|Any CPU = All|Any CPU
		Debug|Any CPU = Debug|Any CPU
		Release|Any CPU = Release|Any CPU
	EndGlobalSection
	GlobalSection(ProjectConfigurationPlatforms) = postSolution
		{BBA4D0F2-41F1-4C05-A3B9-A702AC08660C}.All|Any CPU.ActiveCfg = Release|Any CPU
		{BBA4D0F2-41F1-4C05-A3B9-A702AC08660C}.All|Any CPU.Build.0 = Release|Any CPU
		{BBA4D0F2-41F1-4C05-A3B9-A702AC08660C}.Debug|Any CPU.ActiveCfg = Debug|Any CPU
		{BBA4D0F2-41F1-4C05-A3B9-A702AC08660C}.Debug|Any CPU.Build.0 = Debug|Any CPU
		{BBA4D0F2-41F1-4C05-A3B9-A702AC08660C}.Release|Any CPU.ActiveCfg = Release|Any CPU
		{BBA4D0F2-41F1-4C05-A3B9-A702AC08660C}.Release|Any CPU.Build.0 = Release|Any CPU
		{14D5A2D9-25C1-4711-833F-78C00EB44283}.All|Any CPU.ActiveCfg = DefaultBuild
		{14D5A2D9-25C1-4711-833F-78C00EB44283}.All|Any CPU.Build.0 = DefaultBuild
		{14D5A2D9-25C1-4711-833F-78C00EB44283}.Debug|Any CPU.ActiveCfg = DefaultBuild
		{14D5A2D9-25C1-4711-833F-78C00EB44283}.Debug|Any CPU.Build.0 = DefaultBuild
		{14D5A2D9-25C1-4711-833F-78C00EB44283}.Release|Any CPU.ActiveCfg = DefaultBuild
		{14D5A2D9-25C1-4711-833F-78C00EB44283}.Release|Any CPU.Build.0 = DefaultBuild
	EndGlobalSection
	GlobalSection(SolutionProperties) = preSolution
		HideSolutionNode = FALSE
	EndGlobalSection
	GlobalSection(ExtensibilityGlobals) = postSolution
		SolutionGuid = {DB3D29AF-25D9-419D-BD64-14A25B1F0DEB}
	EndGlobalSection
EndGlobal
